
Microsoft Visual Studio Solution File, Format Version 12.00
# Visual Studio Version 16
VisualStudioVersion = 16.0.31025.194
MinimumVisualStudioVersion = 10.0.40219.1
Project("{FAE04EC0-301F-11D3-BF4B-00C04F79EFBC}") = "DBconnection", "DBconnection\DBconnection.csproj", "{359022EE-2E8A-446E-9492-4BCA066F3EDF}"
EndProject
Global
	GlobalSection(SolutionConfigurationPlatforms) = preSolution
		Debug|Any CPU = Debug|Any CPU
		Release|Any CPU = Release|Any CPU
	EndGlobalSection
	GlobalSection(ProjectConfigurationPlatforms) = postSolution
		{359022EE-2E8A-446E-9492-4BCA066F3EDF}.Debug|Any CPU.ActiveCfg = Debug|Any CPU
		{359022EE-2E8A-446E-9492-4BCA066F3EDF}.Debug|Any CPU.Build.0 = Debug|Any CPU
		{359022EE-2E8A-446E-9492-4BCA066F3EDF}.Release|Any CPU.ActiveCfg = Release|Any CPU
		{359022EE-2E8A-446E-9492-4BCA066F3EDF}.Release|Any CPU.Build.0 = Release|Any CPU
	EndGlobalSection
	GlobalSection(SolutionProperties) = preSolution
		HideSolutionNode = FALSE
	EndGlobalSection
	GlobalSection(ExtensibilityGlobals) = postSolution
		SolutionGuid = {0AA27465-926E-4AC7-AB00-E194F9FAE772}
	EndGlobalSection
EndGlobal
